
Microsoft Visual Studio Solution File, Format Version 12.00
# Visual Studio Version 16
VisualStudioVersion = 16.0.30621.155
MinimumVisualStudioVersion = 10.0.40219.1
Project("{2150E333-8FDC-42A3-9474-1A3956D46DE8}") = "src", "src", "{3410F331-5ABB-404C-A1C0-A388F69FB41A}"
EndProject
Project("{2150E333-8FDC-42A3-9474-1A3956D46DE8}") = "Solution Items", "Solution Items", "{12A998C0-249E-4DB3-9805-EBA0DCF84A09}"
	ProjectSection(SolutionItems) = preProject
		SeriveUrls.txt = SeriveUrls.txt
	EndProjectSection
EndProject
Project("{2150E333-8FDC-42A3-9474-1A3956D46DE8}") = "ApiGateways", "ApiGateways", "{7FE30578-F9A1-43E6-B25B-F02F773C8C55}"
EndProject
Project("{2150E333-8FDC-42A3-9474-1A3956D46DE8}") = "BuildingBlocks", "BuildingBlocks", "{20F547F4-61C2-4CBB-84C7-DAB05444F9FD}"
EndProject
Project("{2150E333-8FDC-42A3-9474-1A3956D46DE8}") = "Services", "Services", "{9296C4A2-C2A6-46D9-BE8D-9956472F6DE2}"
EndProject
Project("{2150E333-8FDC-42A3-9474-1A3956D46DE8}") = "Clients", "Clients", "{E9303FE4-4D15-467F-B838-8EFCDB6CDE91}"
EndProject
Project("{2150E333-8FDC-42A3-9474-1A3956D46DE8}") = "WebApiGateway", "WebApiGateway", "{27BA9BF9-5BFA-4967-98A0-844B93399A30}"
EndProject
Project("{9A19103F-16F7-4668-BE54-9A1E7A4F7556}") = "Web.ApiGateway", "src\ApiGateways\WebApiGateway\Web.ApiGateway\Web.ApiGateway.csproj", "{67BC6BDA-44A4-4DB2-BBCC-2FCB9004BAF7}"
EndProject
Project("{2150E333-8FDC-42A3-9474-1A3956D46DE8}") = "EventBus", "EventBus", "{B832C193-CE81-4AAC-A7E9-961C9975875F}"
EndProject
Project("{9A19103F-16F7-4668-BE54-9A1E7A4F7556}") = "EventBus.Base", "src\BuildingBlocks\EventBus\EventBus.Base\EventBus.Base.csproj", "{ADC25A34-523C-4F89-9D53-A6C0FFD499CC}"
EndProject
Project("{9A19103F-16F7-4668-BE54-9A1E7A4F7556}") = "EventBus.Factory", "src\BuildingBlocks\EventBus\EventBus.Factory\EventBus.Factory.csproj", "{1B6CEE57-CBD9-440B-AC23-DA4EFF8F33C9}"
EndProject
Project("{9A19103F-16F7-4668-BE54-9A1E7A4F7556}") = "EventBus.AzureServiceBus", "src\BuildingBlocks\EventBus\EventBus.AzureServiceBus\EventBus.AzureServiceBus.csproj", "{37E10FAE-BF7E-4F5B-9120-9D505CEDCFE2}"
EndProject
Project("{9A19103F-16F7-4668-BE54-9A1E7A4F7556}") = "EventBus.RabbitMQ", "src\BuildingBlocks\EventBus\EventBus.RabbitMQ\EventBus.RabbitMQ.csproj", "{2311F5CC-55B0-4FF1-8107-2586C2C214FB}"
EndProject
Project("{2150E333-8FDC-42A3-9474-1A3956D46DE8}") = "BlazorWebApp", "BlazorWebApp", "{7E796901-8099-4089-9F7F-E18995230E13}"
EndProject
Project("{9A19103F-16F7-4668-BE54-9A1E7A4F7556}") = "WebApp", "src\Clients\BlazorWebApp\WebApp\WebApp.csproj", "{74108337-CCC0-4B40-9978-5FDBDE4C1E0E}"
EndProject
Project("{2150E333-8FDC-42A3-9474-1A3956D46DE8}") = "BasketService", "BasketService", "{5FABBA88-4E1C-41C5-A421-C4089C3961FE}"
EndProject
Project("{9A19103F-16F7-4668-BE54-9A1E7A4F7556}") = "BasketService.Api", "src\Services\BasketServices\BasketService.Api\BasketService.Api.csproj", "{F507F9C6-5F4A-4CD3-9D27-D0A2852FC251}"
EndProject
Project("{2150E333-8FDC-42A3-9474-1A3956D46DE8}") = "CatalogService", "CatalogService", "{2D5B985A-5F8E-4EE6-B62A-BAD1D3741E31}"
EndProject
Project("{9A19103F-16F7-4668-BE54-9A1E7A4F7556}") = "CatalogService.Api", "src\Services\CatalogService\CatalogService.Api\CatalogService.Api.csproj", "{A774A200-171F-4466-8E36-30AF98DE6F2D}"
EndProject
Project("{2150E333-8FDC-42A3-9474-1A3956D46DE8}") = "IdentityService", "IdentityService", "{E10240D7-545C-4817-AB83-81216F031BB0}"
EndProject
Project("{9A19103F-16F7-4668-BE54-9A1E7A4F7556}") = "IdentityService.Api", "src\Services\IdentityService\IdentityService.Api\IdentityService.Api.csproj", "{F6137F06-114E-45DA-8D4B-699C05AE73A6}"
EndProject
Project("{2150E333-8FDC-42A3-9474-1A3956D46DE8}") = "NotificationService", "NotificationService", "{237CF0A9-7B58-4D62-843A-6939EAC58A19}"
EndProject
Project("{9A19103F-16F7-4668-BE54-9A1E7A4F7556}") = "NotificationService", "src\Services\NotificationService\NotificationService\NotificationService.csproj", "{66D655FC-C1B2-46DA-B316-FAB01153516D}"
EndProject
Project("{2150E333-8FDC-42A3-9474-1A3956D46DE8}") = "OrderService", "OrderService", "{6EA85E32-5E57-4DE0-A3ED-A5437C9CB485}"
EndProject
Project("{9A19103F-16F7-4668-BE54-9A1E7A4F7556}") = "OrderService.Domain", "src\Services\OrderService\OrderService.Domain\OrderService.Domain.csproj", "{E3B8EA6E-79D7-4BE4-A67F-1402B86FF7AD}"
EndProject
Project("{9A19103F-16F7-4668-BE54-9A1E7A4F7556}") = "OrderService.Application", "src\Services\OrderService\OrderService.Application\OrderService.Application.csproj", "{41A3177D-97D2-4C9C-9E87-F7479084DD8D}"
EndProject
Project("{9A19103F-16F7-4668-BE54-9A1E7A4F7556}") = "OrderService.Infrastructure", "src\Services\OrderService\OrderService.Infrastructure\OrderService.Infrastructure.csproj", "{E94F1059-0A15-4AE9-9E40-416F9A6B615F}"
EndProject
Project("{9A19103F-16F7-4668-BE54-9A1E7A4F7556}") = "OrderService.Api", "src\Services\OrderService\OrderService.Api\OrderService.Api.csproj", "{5E023493-A2FC-4343-BDEF-ADE3CEF7AAD6}"
EndProject
Project("{2150E333-8FDC-42A3-9474-1A3956D46DE8}") = "PaymentService", "PaymentService", "{E1289804-C6AF-47EA-BBF7-DD00448EACA3}"
EndProject
Project("{9A19103F-16F7-4668-BE54-9A1E7A4F7556}") = "PaymentService.Api", "src\Services\PaymentService\PaymentService.Api\PaymentService.Api.csproj", "{6C5F5F51-D240-4E42-BBA7-D7AAA09B24F4}"
EndProject
Project("{2150E333-8FDC-42A3-9474-1A3956D46DE8}") = "tests", "tests", "{4F18D4E9-0011-4B19-822B-51C0F266CCA6}"
EndProject
Project("{2150E333-8FDC-42A3-9474-1A3956D46DE8}") = "BuildingBlocks", "BuildingBlocks", "{4E81777B-4106-4872-9430-9B8F0C4C7E14}"
EndProject
Project("{FAE04EC0-301F-11D3-BF4B-00C04F79EFBC}") = "EventBus.UnitTest", "src\tests\BuildingBlocks\EventBus.UnitTest\EventBus.UnitTest.csproj", "{486BE4CC-96C8-44CD-B1AB-CC0BD406F3CB}"
EndProject
Global
	GlobalSection(SolutionConfigurationPlatforms) = preSolution
		Debug|Any CPU = Debug|Any CPU
		Release|Any CPU = Release|Any CPU
	EndGlobalSection
	GlobalSection(ProjectConfigurationPlatforms) = postSolution
		{67BC6BDA-44A4-4DB2-BBCC-2FCB9004BAF7}.Debug|Any CPU.ActiveCfg = Debug|Any CPU
		{67BC6BDA-44A4-4DB2-BBCC-2FCB9004BAF7}.Debug|Any CPU.Build.0 = Debug|Any CPU
		{67BC6BDA-44A4-4DB2-BBCC-2FCB9004BAF7}.Release|Any CPU.ActiveCfg = Release|Any CPU
		{67BC6BDA-44A4-4DB2-BBCC-2FCB9004BAF7}.Release|Any CPU.Build.0 = Release|Any CPU
		{ADC25A34-523C-4F89-9D53-A6C0FFD499CC}.Debug|Any CPU.ActiveCfg = Debug|Any CPU
		{ADC25A34-523C-4F89-9D53-A6C0FFD499CC}.Debug|Any CPU.Build.0 = Debug|Any CPU
		{ADC25A34-523C-4F89-9D53-A6C0FFD499CC}.Release|Any CPU.ActiveCfg = Release|Any CPU
		{ADC25A34-523C-4F89-9D53-A6C0FFD499CC}.Release|Any CPU.Build.0 = Release|Any CPU
		{1B6CEE57-CBD9-440B-AC23-DA4EFF8F33C9}.Debug|Any CPU.ActiveCfg = Debug|Any CPU
		{1B6CEE57-CBD9-440B-AC23-DA4EFF8F33C9}.Debug|Any CPU.Build.0 = Debug|Any CPU
		{1B6CEE57-CBD9-440B-AC23-DA4EFF8F33C9}.Release|Any CPU.ActiveCfg = Release|Any CPU
		{1B6CEE57-CBD9-440B-AC23-DA4EFF8F33C9}.Release|Any CPU.Build.0 = Release|Any CPU
		{37E10FAE-BF7E-4F5B-9120-9D505CEDCFE2}.Debug|Any CPU.ActiveCfg = Debug|Any CPU
		{37E10FAE-BF7E-4F5B-9120-9D505CEDCFE2}.Debug|Any CPU.Build.0 = Debug|Any CPU
		{37E10FAE-BF7E-4F5B-9120-9D505CEDCFE2}.Release|Any CPU.ActiveCfg = Release|Any CPU
		{37E10FAE-BF7E-4F5B-9120-9D505CEDCFE2}.Release|Any CPU.Build.0 = Release|Any CPU
		{2311F5CC-55B0-4FF1-8107-2586C2C214FB}.Debug|Any CPU.ActiveCfg = Debug|Any CPU
		{2311F5CC-55B0-4FF1-8107-2586C2C214FB}.Debug|Any CPU.Build.0 = Debug|Any CPU
		{2311F5CC-55B0-4FF1-8107-2586C2C214FB}.Release|Any CPU.ActiveCfg = Release|Any CPU
		{2311F5CC-55B0-4FF1-8107-2586C2C214FB}.Release|Any CPU.Build.0 = Release|Any CPU
		{74108337-CCC0-4B40-9978-5FDBDE4C1E0E}.Debug|Any CPU.ActiveCfg = Debug|Any CPU
		{74108337-CCC0-4B40-9978-5FDBDE4C1E0E}.Debug|Any CPU.Build.0 = Debug|Any CPU
		{74108337-CCC0-4B40-9978-5FDBDE4C1E0E}.Release|Any CPU.ActiveCfg = Release|Any CPU
		{74108337-CCC0-4B40-9978-5FDBDE4C1E0E}.Release|Any CPU.Build.0 = Release|Any CPU
		{F507F9C6-5F4A-4CD3-9D27-D0A2852FC251}.Debug|Any CPU.ActiveCfg = Debug|Any CPU
		{F507F9C6-5F4A-4CD3-9D27-D0A2852FC251}.Debug|Any CPU.Build.0 = Debug|Any CPU
		{F507F9C6-5F4A-4CD3-9D27-D0A2852FC251}.Release|Any CPU.ActiveCfg = Release|Any CPU
		{F507F9C6-5F4A-4CD3-9D27-D0A2852FC251}.Release|Any CPU.Build.0 = Release|Any CPU
		{A774A200-171F-4466-8E36-30AF98DE6F2D}.Debug|Any CPU.ActiveCfg = Debug|Any CPU
		{A774A200-171F-4466-8E36-30AF98DE6F2D}.Debug|Any CPU.Build.0 = Debug|Any CPU
		{A774A200-171F-4466-8E36-30AF98DE6F2D}.Release|Any CPU.ActiveCfg = Release|Any CPU
		{A774A200-171F-4466-8E36-30AF98DE6F2D}.Release|Any CPU.Build.0 = Release|Any CPU
		{F6137F06-114E-45DA-8D4B-699C05AE73A6}.Debug|Any CPU.ActiveCfg = Debug|Any CPU
		{F6137F06-114E-45DA-8D4B-699C05AE73A6}.Debug|Any CPU.Build.0 = Debug|Any CPU
		{F6137F06-114E-45DA-8D4B-699C05AE73A6}.Release|Any CPU.ActiveCfg = Release|Any CPU
		{F6137F06-114E-45DA-8D4B-699C05AE73A6}.Release|Any CPU.Build.0 = Release|Any CPU
		{66D655FC-C1B2-46DA-B316-FAB01153516D}.Debug|Any CPU.ActiveCfg = Debug|Any CPU
		{66D655FC-C1B2-46DA-B316-FAB01153516D}.Debug|Any CPU.Build.0 = Debug|Any CPU
		{66D655FC-C1B2-46DA-B316-FAB01153516D}.Release|Any CPU.ActiveCfg = Release|Any CPU
		{66D655FC-C1B2-46DA-B316-FAB01153516D}.Release|Any CPU.Build.0 = Release|Any CPU
		{E3B8EA6E-79D7-4BE4-A67F-1402B86FF7AD}.Debug|Any CPU.ActiveCfg = Debug|Any CPU
		{E3B8EA6E-79D7-4BE4-A67F-1402B86FF7AD}.Debug|Any CPU.Build.0 = Debug|Any CPU
		{E3B8EA6E-79D7-4BE4-A67F-1402B86FF7AD}.Release|Any CPU.ActiveCfg = Release|Any CPU
		{E3B8EA6E-79D7-4BE4-A67F-1402B86FF7AD}.Release|Any CPU.Build.0 = Release|Any CPU
		{41A3177D-97D2-4C9C-9E87-F7479084DD8D}.Debug|Any CPU.ActiveCfg = Debug|Any CPU
		{41A3177D-97D2-4C9C-9E87-F7479084DD8D}.Debug|Any CPU.Build.0 = Debug|Any CPU
		{41A3177D-97D2-4C9C-9E87-F7479084DD8D}.Release|Any CPU.ActiveCfg = Release|Any CPU
		{41A3177D-97D2-4C9C-9E87-F7479084DD8D}.Release|Any CPU.Build.0 = Release|Any CPU
		{E94F1059-0A15-4AE9-9E40-416F9A6B615F}.Debug|Any CPU.ActiveCfg = Debug|Any CPU
		{E94F1059-0A15-4AE9-9E40-416F9A6B615F}.Debug|Any CPU.Build.0 = Debug|Any CPU
		{E94F1059-0A15-4AE9-9E40-416F9A6B615F}.Release|Any CPU.ActiveCfg = Release|Any CPU
		{E94F1059-0A15-4AE9-9E40-416F9A6B615F}.Release|Any CPU.Build.0 = Release|Any CPU
		{5E023493-A2FC-4343-BDEF-ADE3CEF7AAD6}.Debug|Any CPU.ActiveCfg = Debug|Any CPU
		{5E023493-A2FC-4343-BDEF-ADE3CEF7AAD6}.Debug|Any CPU.Build.0 = Debug|Any CPU
		{5E023493-A2FC-4343-BDEF-ADE3CEF7AAD6}.Release|Any CPU.ActiveCfg = Release|Any CPU
		{5E023493-A2FC-4343-BDEF-ADE3CEF7AAD6}.Release|Any CPU.Build.0 = Release|Any CPU
		{6C5F5F51-D240-4E42-BBA7-D7AAA09B24F4}.Debug|Any CPU.ActiveCfg = Debug|Any CPU
		{6C5F5F51-D240-4E42-BBA7-D7AAA09B24F4}.Debug|Any CPU.Build.0 = Debug|Any CPU
		{6C5F5F51-D240-4E42-BBA7-D7AAA09B24F4}.Release|Any CPU.ActiveCfg = Release|Any CPU
		{6C5F5F51-D240-4E42-BBA7-D7AAA09B24F4}.Release|Any CPU.Build.0 = Release|Any CPU
		{486BE4CC-96C8-44CD-B1AB-CC0BD406F3CB}.Debug|Any CPU.ActiveCfg = Debug|Any CPU
		{486BE4CC-96C8-44CD-B1AB-CC0BD406F3CB}.Debug|Any CPU.Build.0 = Debug|Any CPU
		{486BE4CC-96C8-44CD-B1AB-CC0BD406F3CB}.Release|Any CPU.ActiveCfg = Release|Any CPU
		{486BE4CC-96C8-44CD-B1AB-CC0BD406F3CB}.Release|Any CPU.Build.0 = Release|Any CPU
	EndGlobalSection
	GlobalSection(SolutionProperties) = preSolution
		HideSolutionNode = FALSE
	EndGlobalSection
	GlobalSection(NestedProjects) = preSolution
		{7FE30578-F9A1-43E6-B25B-F02F773C8C55} = {3410F331-5ABB-404C-A1C0-A388F69FB41A}
		{20F547F4-61C2-4CBB-84C7-DAB05444F9FD} = {3410F331-5ABB-404C-A1C0-A388F69FB41A}
		{9296C4A2-C2A6-46D9-BE8D-9956472F6DE2} = {3410F331-5ABB-404C-A1C0-A388F69FB41A}
		{E9303FE4-4D15-467F-B838-8EFCDB6CDE91} = {3410F331-5ABB-404C-A1C0-A388F69FB41A}
		{27BA9BF9-5BFA-4967-98A0-844B93399A30} = {7FE30578-F9A1-43E6-B25B-F02F773C8C55}
		{67BC6BDA-44A4-4DB2-BBCC-2FCB9004BAF7} = {27BA9BF9-5BFA-4967-98A0-844B93399A30}
		{B832C193-CE81-4AAC-A7E9-961C9975875F} = {20F547F4-61C2-4CBB-84C7-DAB05444F9FD}
		{ADC25A34-523C-4F89-9D53-A6C0FFD499CC} = {B832C193-CE81-4AAC-A7E9-961C9975875F}
		{1B6CEE57-CBD9-440B-AC23-DA4EFF8F33C9} = {B832C193-CE81-4AAC-A7E9-961C9975875F}
		{37E10FAE-BF7E-4F5B-9120-9D505CEDCFE2} = {B832C193-CE81-4AAC-A7E9-961C9975875F}
		{2311F5CC-55B0-4FF1-8107-2586C2C214FB} = {B832C193-CE81-4AAC-A7E9-961C9975875F}
		{7E796901-8099-4089-9F7F-E18995230E13} = {E9303FE4-4D15-467F-B838-8EFCDB6CDE91}
		{74108337-CCC0-4B40-9978-5FDBDE4C1E0E} = {7E796901-8099-4089-9F7F-E18995230E13}
		{5FABBA88-4E1C-41C5-A421-C4089C3961FE} = {9296C4A2-C2A6-46D9-BE8D-9956472F6DE2}
		{F507F9C6-5F4A-4CD3-9D27-D0A2852FC251} = {5FABBA88-4E1C-41C5-A421-C4089C3961FE}
		{2D5B985A-5F8E-4EE6-B62A-BAD1D3741E31} = {9296C4A2-C2A6-46D9-BE8D-9956472F6DE2}
		{A774A200-171F-4466-8E36-30AF98DE6F2D} = {2D5B985A-5F8E-4EE6-B62A-BAD1D3741E31}
		{E10240D7-545C-4817-AB83-81216F031BB0} = {9296C4A2-C2A6-46D9-BE8D-9956472F6DE2}
		{F6137F06-114E-45DA-8D4B-699C05AE73A6} = {E10240D7-545C-4817-AB83-81216F031BB0}
		{237CF0A9-7B58-4D62-843A-6939EAC58A19} = {9296C4A2-C2A6-46D9-BE8D-9956472F6DE2}
		{66D655FC-C1B2-46DA-B316-FAB01153516D} = {237CF0A9-7B58-4D62-843A-6939EAC58A19}
		{6EA85E32-5E57-4DE0-A3ED-A5437C9CB485} = {9296C4A2-C2A6-46D9-BE8D-9956472F6DE2}
		{E3B8EA6E-79D7-4BE4-A67F-1402B86FF7AD} = {6EA85E32-5E57-4DE0-A3ED-A5437C9CB485}
		{41A3177D-97D2-4C9C-9E87-F7479084DD8D} = {6EA85E32-5E57-4DE0-A3ED-A5437C9CB485}
		{E94F1059-0A15-4AE9-9E40-416F9A6B615F} = {6EA85E32-5E57-4DE0-A3ED-A5437C9CB485}
		{5E023493-A2FC-4343-BDEF-ADE3CEF7AAD6} = {6EA85E32-5E57-4DE0-A3ED-A5437C9CB485}
		{E1289804-C6AF-47EA-BBF7-DD00448EACA3} = {9296C4A2-C2A6-46D9-BE8D-9956472F6DE2}
		{6C5F5F51-D240-4E42-BBA7-D7AAA09B24F4} = {E1289804-C6AF-47EA-BBF7-DD00448EACA3}
		{4E81777B-4106-4872-9430-9B8F0C4C7E14} = {4F18D4E9-0011-4B19-822B-51C0F266CCA6}
		{486BE4CC-96C8-44CD-B1AB-CC0BD406F3CB} = {4E81777B-4106-4872-9430-9B8F0C4C7E14}
	EndGlobalSection
	GlobalSection(ExtensibilityGlobals) = postSolution
		SolutionGuid = {4BDDF22F-9A29-4B7C-A789-ED14F490D386}
	EndGlobalSection
EndGlobal
